
Microsoft Visual Studio Solution File, Format Version 12.00
# Visual Studio Version 17
VisualStudioVersion = 17.3.32901.215
MinimumVisualStudioVersion = 10.0.40219.1
Project("{FAE04EC0-301F-11D3-BF4B-00C04F79EFBC}") = "PMDS.Main", "PMDS.Main\PMDS.Main.csproj", "{E934495D-0F9D-4A75-AAD7-79CDED878FDD}"
EndProject
Project("{FAE04EC0-301F-11D3-BF4B-00C04F79EFBC}") = "PMDS.Core", "PMDS.Global\PMDS.Core.csproj", "{B1D2BCCF-DCF5-4363-B0DD-630382F190A5}"
EndProject
Project("{FAE04EC0-301F-11D3-BF4B-00C04F79EFBC}") = "PMDS.GUI", "PMDS.GUI\PMDS.GUI.csproj", "{B9AD1F88-A785-4D1D-9062-2DE8572C2126}"
EndProject
Project("{F184B08F-C81C-45F6-A57F-5ABD9991F28F}") = "PMDS.Calc.Logic", "PMDS.Abrechnung.Logik\PMDS.Calc.Logic.vbproj", "{B339C14C-B89C-4089-97AA-81D118A737B4}"
EndProject
Project("{F184B08F-C81C-45F6-A57F-5ABD9991F28F}") = "PMDS.GUI.VB", "PMDS.GUI.VB\PMDS.GUI.VB.vbproj", "{B7669B9A-B0F4-4B3A-8778-67F9FB324635}"
EndProject
Project("{F184B08F-C81C-45F6-A57F-5ABD9991F28F}") = "QS2.Desktop.ControlManagment", "QS2.Desktop.Ressources.Auto10\QS2.Desktop.ControlManagment.vbproj", "{1F894182-6563-4FFA-958D-B842CB449B21}"
EndProject
Project("{FAE04EC0-301F-11D3-BF4B-00C04F79EFBC}") = "Launcher", "PMDS.Launcher\Launcher.csproj", "{FF429767-681D-4B70-B4BB-C7E52BDB0112}"
EndProject
Project("{2150E333-8FDC-42A3-9474-1A3956D46DE8}") = "Solution Items", "Solution Items", "{3B0E7F24-E7C5-4FAB-BDE0-FE38A958123B}"
	ProjectSection(SolutionItems) = preProject
		.editorconfig = .editorconfig
	EndProjectSection
EndProject
Project("{FAE04EC0-301F-11D3-BF4B-00C04F79EFBC}") = "PMDS.Core.Elga", "Elga.core\PMDS.Core.Elga.csproj", "{E9575AD9-BED7-4AAD-8D67-26CDD8961496}"
EndProject
Project("{FAE04EC0-301F-11D3-BF4B-00C04F79EFBC}") = "PMDS.EFCore", "WCFServicePMDS\PMDS.EFCore.csproj", "{87427E1A-5914-4FD1-A0D0-C749DDEBB069}"
EndProject
Project("{FAE04EC0-301F-11D3-BF4B-00C04F79EFBC}") = "S2Extensions", "S2Extensions\S2Extensions.csproj", "{10B7D2D1-0868-4FDA-8473-A12B5BB9386F}"
EndProject
Project("{2150E333-8FDC-42A3-9474-1A3956D46DE8}") = "Tools", "Tools", "{BFC9C5B4-DB78-449D-AE8C-5CC88D97549A}"
EndProject
Project("{FAE04EC0-301F-11D3-BF4B-00C04F79EFBC}") = "QS2.Functions.cs", "Tools\QS2.functions.cs\QS2.Functions.cs.csproj", "{E3C41A76-0E7B-45CD-AFD9-09F419CCD894}"
EndProject
Project("{F184B08F-C81C-45F6-A57F-5ABD9991F28F}") = "QS2.Functions.vb", "Tools\QS2.functions.vb\QS2.Functions.vb.vbproj", "{2411E49C-1E98-41CF-BB11-32E995046CD8}"
EndProject
Project("{F184B08F-C81C-45F6-A57F-5ABD9991F28F}") = "QS2.Resources", "Tools\QS2.Resources\QS2.Resources.vbproj", "{54E427E6-FF54-4671-BF5E-1E606453BF0C}"
EndProject
Project("{FAE04EC0-301F-11D3-BF4B-00C04F79EFBC}") = "QS2.Desktop.UI.cs", "Tools\QS2.Desktop.UI.cs\QS2.Desktop.UI.cs.csproj", "{6B62C2F2-81BE-4F42-9810-29D7D612295F}"
EndProject
Project("{F184B08F-C81C-45F6-A57F-5ABD9991F28F}") = "QS2.Desktop.UI.vb", "Tools\QS2.Desktop.UI.vb\QS2.Desktop.UI.vb.vbproj", "{C28FB59D-797D-4A86-A590-072C1E0C626B}"
EndProject
Project("{FAE04EC0-301F-11D3-BF4B-00C04F79EFBC}") = "QS2.Logging.Win", "Tools\QS2.Logging.Win\QS2.Logging.Win.csproj", "{0DDE0333-D4EC-419D-AEBD-C8359083C02D}"
EndProject
Project("{F184B08F-C81C-45F6-A57F-5ABD9991F28F}") = "QS2.Desktop.Txteditor", "Tools\QS2.Desktop.Txteditor\QS2.Desktop.Txteditor.vbproj", "{2BAEDE76-A6D1-42CF-BF28-C1D20229C8EF}"
EndProject
Project("{F184B08F-C81C-45F6-A57F-5ABD9991F28F}") = "QS2.Desktop.Txteditor-2", "Tools\QS2.Desktop.Txteditor2\QS2.Desktop.Txteditor-2.vbproj", "{08F0DC54-0D47-48CA-8B91-AF728CF2C615}"
EndProject
Project("{F184B08F-C81C-45F6-A57F-5ABD9991F28F}") = "QS2.License.Core", "Tools\QS2.license.core\QS2.License.Core.vbproj", "{94394A2A-CC5F-4CAF-AE10-371D269F8E0A}"
EndProject
Project("{2150E333-8FDC-42A3-9474-1A3956D46DE8}") = "QS2", "QS2", "{2DAFD630-BA6F-4E70-B870-13DB9DE5EF1A}"
EndProject
Project("{FAE04EC0-301F-11D3-BF4B-00C04F79EFBC}") = "QS2.Core", "qs2.core\QS2.Core.csproj", "{AAFB02C6-D8CD-4FE1-AFBF-D09D8A256DF4}"
EndProject
Project("{F184B08F-C81C-45F6-A57F-5ABD9991F28F}") = "QS2.Core.VB", "QS2.VB.Core\QS2.Core.VB.vbproj", "{F7905A52-3A40-4894-A5BE-12F91B63DA72}"
EndProject
Global
	GlobalSection(SolutionConfigurationPlatforms) = preSolution
		Debug(x64)|Any CPU = Debug(x64)|Any CPU
		Debug(x64)|x64 = Debug(x64)|x64
		Debug(x64)|x86 = Debug(x64)|x86
		Debug|Any CPU = Debug|Any CPU
		Debug|x64 = Debug|x64
		Debug|x86 = Debug|x86
		Release|Any CPU = Release|Any CPU
		Release|x64 = Release|x64
		Release|x86 = Release|x86
	EndGlobalSection
	GlobalSection(ProjectConfigurationPlatforms) = postSolution
		{E934495D-0F9D-4A75-AAD7-79CDED878FDD}.Debug(x64)|Any CPU.ActiveCfg = Debug|Any CPU
		{E934495D-0F9D-4A75-AAD7-79CDED878FDD}.Debug(x64)|Any CPU.Build.0 = Debug|Any CPU
		{E934495D-0F9D-4A75-AAD7-79CDED878FDD}.Debug(x64)|x64.ActiveCfg = Debug|Any CPU
		{E934495D-0F9D-4A75-AAD7-79CDED878FDD}.Debug(x64)|x64.Build.0 = Debug|Any CPU
		{E934495D-0F9D-4A75-AAD7-79CDED878FDD}.Debug(x64)|x86.ActiveCfg = Debug|x86
		{E934495D-0F9D-4A75-AAD7-79CDED878FDD}.Debug(x64)|x86.Build.0 = Debug|x86
		{E934495D-0F9D-4A75-AAD7-79CDED878FDD}.Debug|Any CPU.ActiveCfg = Debug|Any CPU
		{E934495D-0F9D-4A75-AAD7-79CDED878FDD}.Debug|Any CPU.Build.0 = Debug|Any CPU
		{E934495D-0F9D-4A75-AAD7-79CDED878FDD}.Debug|x64.ActiveCfg = Debug|Any CPU
		{E934495D-0F9D-4A75-AAD7-79CDED878FDD}.Debug|x64.Build.0 = Debug|Any CPU
		{E934495D-0F9D-4A75-AAD7-79CDED878FDD}.Debug|x86.ActiveCfg = Debug|x86
		{E934495D-0F9D-4A75-AAD7-79CDED878FDD}.Debug|x86.Build.0 = Debug|x86
		{E934495D-0F9D-4A75-AAD7-79CDED878FDD}.Release|Any CPU.ActiveCfg = Release|Any CPU
		{E934495D-0F9D-4A75-AAD7-79CDED878FDD}.Release|Any CPU.Build.0 = Release|Any CPU
		{E934495D-0F9D-4A75-AAD7-79CDED878FDD}.Release|x64.ActiveCfg = Release|Any CPU
		{E934495D-0F9D-4A75-AAD7-79CDED878FDD}.Release|x64.Build.0 = Release|Any CPU
		{E934495D-0F9D-4A75-AAD7-79CDED878FDD}.Release|x86.ActiveCfg = Release|x86
		{E934495D-0F9D-4A75-AAD7-79CDED878FDD}.Release|x86.Build.0 = Release|x86
		{B1D2BCCF-DCF5-4363-B0DD-630382F190A5}.Debug(x64)|Any CPU.ActiveCfg = Debug|Any CPU
		{B1D2BCCF-DCF5-4363-B0DD-630382F190A5}.Debug(x64)|Any CPU.Build.0 = Debug|Any CPU
		{B1D2BCCF-DCF5-4363-B0DD-630382F190A5}.Debug(x64)|x64.ActiveCfg = Debug|Any CPU
		{B1D2BCCF-DCF5-4363-B0DD-630382F190A5}.Debug(x64)|x64.Build.0 = Debug|Any CPU
		{B1D2BCCF-DCF5-4363-B0DD-630382F190A5}.Debug(x64)|x86.ActiveCfg = Debug|x86
		{B1D2BCCF-DCF5-4363-B0DD-630382F190A5}.Debug(x64)|x86.Build.0 = Debug|x86
		{B1D2BCCF-DCF5-4363-B0DD-630382F190A5}.Debug|Any CPU.ActiveCfg = Debug|Any CPU
		{B1D2BCCF-DCF5-4363-B0DD-630382F190A5}.Debug|Any CPU.Build.0 = Debug|Any CPU
		{B1D2BCCF-DCF5-4363-B0DD-630382F190A5}.Debug|x64.ActiveCfg = Debug|Any CPU
		{B1D2BCCF-DCF5-4363-B0DD-630382F190A5}.Debug|x64.Build.0 = Debug|Any CPU
		{B1D2BCCF-DCF5-4363-B0DD-630382F190A5}.Debug|x86.ActiveCfg = Debug|x86
		{B1D2BCCF-DCF5-4363-B0DD-630382F190A5}.Debug|x86.Build.0 = Debug|x86
		{B1D2BCCF-DCF5-4363-B0DD-630382F190A5}.Release|Any CPU.ActiveCfg = Release|Any CPU
		{B1D2BCCF-DCF5-4363-B0DD-630382F190A5}.Release|Any CPU.Build.0 = Release|Any CPU
		{B1D2BCCF-DCF5-4363-B0DD-630382F190A5}.Release|x64.ActiveCfg = Release|Any CPU
		{B1D2BCCF-DCF5-4363-B0DD-630382F190A5}.Release|x64.Build.0 = Release|Any CPU
		{B1D2BCCF-DCF5-4363-B0DD-630382F190A5}.Release|x86.ActiveCfg = Release|x86
		{B1D2BCCF-DCF5-4363-B0DD-630382F190A5}.Release|x86.Build.0 = Release|x86
		{B9AD1F88-A785-4D1D-9062-2DE8572C2126}.Debug(x64)|Any CPU.ActiveCfg = Debug|Any CPU
		{B9AD1F88-A785-4D1D-9062-2DE8572C2126}.Debug(x64)|Any CPU.Build.0 = Debug|Any CPU
		{B9AD1F88-A785-4D1D-9062-2DE8572C2126}.Debug(x64)|x64.ActiveCfg = Debug|Any CPU
		{B9AD1F88-A785-4D1D-9062-2DE8572C2126}.Debug(x64)|x64.Build.0 = Debug|Any CPU
		{B9AD1F88-A785-4D1D-9062-2DE8572C2126}.Debug(x64)|x86.ActiveCfg = Debug|x86
		{B9AD1F88-A785-4D1D-9062-2DE8572C2126}.Debug(x64)|x86.Build.0 = Debug|x86
		{B9AD1F88-A785-4D1D-9062-2DE8572C2126}.Debug|Any CPU.ActiveCfg = Debug|Any CPU
		{B9AD1F88-A785-4D1D-9062-2DE8572C2126}.Debug|Any CPU.Build.0 = Debug|Any CPU
		{B9AD1F88-A785-4D1D-9062-2DE8572C2126}.Debug|x64.ActiveCfg = Debug|Any CPU
		{B9AD1F88-A785-4D1D-9062-2DE8572C2126}.Debug|x64.Build.0 = Debug|Any CPU
		{B9AD1F88-A785-4D1D-9062-2DE8572C2126}.Debug|x86.ActiveCfg = Debug|x86
		{B9AD1F88-A785-4D1D-9062-2DE8572C2126}.Debug|x86.Build.0 = Debug|x86
		{B9AD1F88-A785-4D1D-9062-2DE8572C2126}.Release|Any CPU.ActiveCfg = Release|Any CPU
		{B9AD1F88-A785-4D1D-9062-2DE8572C2126}.Release|Any CPU.Build.0 = Release|Any CPU
		{B9AD1F88-A785-4D1D-9062-2DE8572C2126}.Release|x64.ActiveCfg = Release|Any CPU
		{B9AD1F88-A785-4D1D-9062-2DE8572C2126}.Release|x64.Build.0 = Release|Any CPU
		{B9AD1F88-A785-4D1D-9062-2DE8572C2126}.Release|x86.ActiveCfg = Release|x86
		{B9AD1F88-A785-4D1D-9062-2DE8572C2126}.Release|x86.Build.0 = Release|x86
		{B339C14C-B89C-4089-97AA-81D118A737B4}.Debug(x64)|Any CPU.ActiveCfg = Debug|Any CPU
		{B339C14C-B89C-4089-97AA-81D118A737B4}.Debug(x64)|Any CPU.Build.0 = Debug|Any CPU
		{B339C14C-B89C-4089-97AA-81D118A737B4}.Debug(x64)|x64.ActiveCfg = Debug|Any CPU
		{B339C14C-B89C-4089-97AA-81D118A737B4}.Debug(x64)|x64.Build.0 = Debug|Any CPU
		{B339C14C-B89C-4089-97AA-81D118A737B4}.Debug(x64)|x86.ActiveCfg = Debug|x86
		{B339C14C-B89C-4089-97AA-81D118A737B4}.Debug(x64)|x86.Build.0 = Debug|x86
		{B339C14C-B89C-4089-97AA-81D118A737B4}.Debug|Any CPU.ActiveCfg = Debug|Any CPU
		{B339C14C-B89C-4089-97AA-81D118A737B4}.Debug|Any CPU.Build.0 = Debug|Any CPU
		{B339C14C-B89C-4089-97AA-81D118A737B4}.Debug|x64.ActiveCfg = Debug|Any CPU
		{B339C14C-B89C-4089-97AA-81D118A737B4}.Debug|x64.Build.0 = Debug|Any CPU
		{B339C14C-B89C-4089-97AA-81D118A737B4}.Debug|x86.ActiveCfg = Debug|x86
		{B339C14C-B89C-4089-97AA-81D118A737B4}.Debug|x86.Build.0 = Debug|x86
		{B339C14C-B89C-4089-97AA-81D118A737B4}.Release|Any CPU.ActiveCfg = Release|Any CPU
		{B339C14C-B89C-4089-97AA-81D118A737B4}.Release|Any CPU.Build.0 = Release|Any CPU
		{B339C14C-B89C-4089-97AA-81D118A737B4}.Release|x64.ActiveCfg = Release|Any CPU
		{B339C14C-B89C-4089-97AA-81D118A737B4}.Release|x64.Build.0 = Release|Any CPU
		{B339C14C-B89C-4089-97AA-81D118A737B4}.Release|x86.ActiveCfg = Release|x86
		{B339C14C-B89C-4089-97AA-81D118A737B4}.Release|x86.Build.0 = Release|x86
		{B7669B9A-B0F4-4B3A-8778-67F9FB324635}.Debug(x64)|Any CPU.ActiveCfg = Debug|Any CPU
		{B7669B9A-B0F4-4B3A-8778-67F9FB324635}.Debug(x64)|Any CPU.Build.0 = Debug|Any CPU
		{B7669B9A-B0F4-4B3A-8778-67F9FB324635}.Debug(x64)|x64.ActiveCfg = Debug|Any CPU
		{B7669B9A-B0F4-4B3A-8778-67F9FB324635}.Debug(x64)|x64.Build.0 = Debug|Any CPU
		{B7669B9A-B0F4-4B3A-8778-67F9FB324635}.Debug(x64)|x86.ActiveCfg = Debug|x86
		{B7669B9A-B0F4-4B3A-8778-67F9FB324635}.Debug(x64)|x86.Build.0 = Debug|x86
		{B7669B9A-B0F4-4B3A-8778-67F9FB324635}.Debug|Any CPU.ActiveCfg = Debug|Any CPU
		{B7669B9A-B0F4-4B3A-8778-67F9FB324635}.Debug|Any CPU.Build.0 = Debug|Any CPU
		{B7669B9A-B0F4-4B3A-8778-67F9FB324635}.Debug|x64.ActiveCfg = Debug|Any CPU
		{B7669B9A-B0F4-4B3A-8778-67F9FB324635}.Debug|x64.Build.0 = Debug|Any CPU
		{B7669B9A-B0F4-4B3A-8778-67F9FB324635}.Debug|x86.ActiveCfg = Debug|x86
		{B7669B9A-B0F4-4B3A-8778-67F9FB324635}.Debug|x86.Build.0 = Debug|x86
		{B7669B9A-B0F4-4B3A-8778-67F9FB324635}.Release|Any CPU.ActiveCfg = Release|Any CPU
		{B7669B9A-B0F4-4B3A-8778-67F9FB324635}.Release|Any CPU.Build.0 = Release|Any CPU
		{B7669B9A-B0F4-4B3A-8778-67F9FB324635}.Release|x64.ActiveCfg = Release|Any CPU
		{B7669B9A-B0F4-4B3A-8778-67F9FB324635}.Release|x64.Build.0 = Release|Any CPU
		{B7669B9A-B0F4-4B3A-8778-67F9FB324635}.Release|x86.ActiveCfg = Release|x86
		{B7669B9A-B0F4-4B3A-8778-67F9FB324635}.Release|x86.Build.0 = Release|x86
		{1F894182-6563-4FFA-958D-B842CB449B21}.Debug(x64)|Any CPU.ActiveCfg = Debug|Any CPU
		{1F894182-6563-4FFA-958D-B842CB449B21}.Debug(x64)|Any CPU.Build.0 = Debug|Any CPU
		{1F894182-6563-4FFA-958D-B842CB449B21}.Debug(x64)|x64.ActiveCfg = Debug|Any CPU
		{1F894182-6563-4FFA-958D-B842CB449B21}.Debug(x64)|x64.Build.0 = Debug|Any CPU
		{1F894182-6563-4FFA-958D-B842CB449B21}.Debug(x64)|x86.ActiveCfg = Debug|Any CPU
		{1F894182-6563-4FFA-958D-B842CB449B21}.Debug(x64)|x86.Build.0 = Debug|Any CPU
		{1F894182-6563-4FFA-958D-B842CB449B21}.Debug|Any CPU.ActiveCfg = Debug|Any CPU
		{1F894182-6563-4FFA-958D-B842CB449B21}.Debug|Any CPU.Build.0 = Debug|Any CPU
		{1F894182-6563-4FFA-958D-B842CB449B21}.Debug|x64.ActiveCfg = Debug|Any CPU
		{1F894182-6563-4FFA-958D-B842CB449B21}.Debug|x64.Build.0 = Debug|Any CPU
		{1F894182-6563-4FFA-958D-B842CB449B21}.Debug|x86.ActiveCfg = Debug|Any CPU
		{1F894182-6563-4FFA-958D-B842CB449B21}.Debug|x86.Build.0 = Debug|Any CPU
		{1F894182-6563-4FFA-958D-B842CB449B21}.Release|Any CPU.ActiveCfg = Release|Any CPU
		{1F894182-6563-4FFA-958D-B842CB449B21}.Release|Any CPU.Build.0 = Release|Any CPU
		{1F894182-6563-4FFA-958D-B842CB449B21}.Release|x64.ActiveCfg = Release|Any CPU
		{1F894182-6563-4FFA-958D-B842CB449B21}.Release|x64.Build.0 = Release|Any CPU
		{1F894182-6563-4FFA-958D-B842CB449B21}.Release|x86.ActiveCfg = Release|Any CPU
		{1F894182-6563-4FFA-958D-B842CB449B21}.Release|x86.Build.0 = Release|Any CPU
		{FF429767-681D-4B70-B4BB-C7E52BDB0112}.Debug(x64)|Any CPU.ActiveCfg = Debug|Any CPU
		{FF429767-681D-4B70-B4BB-C7E52BDB0112}.Debug(x64)|Any CPU.Build.0 = Debug|Any CPU
		{FF429767-681D-4B70-B4BB-C7E52BDB0112}.Debug(x64)|x64.ActiveCfg = Debug|Any CPU
		{FF429767-681D-4B70-B4BB-C7E52BDB0112}.Debug(x64)|x64.Build.0 = Debug|Any CPU
		{FF429767-681D-4B70-B4BB-C7E52BDB0112}.Debug(x64)|x86.ActiveCfg = Debug|x86
		{FF429767-681D-4B70-B4BB-C7E52BDB0112}.Debug(x64)|x86.Build.0 = Debug|x86
		{FF429767-681D-4B70-B4BB-C7E52BDB0112}.Debug|Any CPU.ActiveCfg = Debug|Any CPU
		{FF429767-681D-4B70-B4BB-C7E52BDB0112}.Debug|Any CPU.Build.0 = Debug|Any CPU
		{FF429767-681D-4B70-B4BB-C7E52BDB0112}.Debug|x64.ActiveCfg = Debug|Any CPU
		{FF429767-681D-4B70-B4BB-C7E52BDB0112}.Debug|x64.Build.0 = Debug|Any CPU
		{FF429767-681D-4B70-B4BB-C7E52BDB0112}.Debug|x86.ActiveCfg = Debug|x86
		{FF429767-681D-4B70-B4BB-C7E52BDB0112}.Debug|x86.Build.0 = Debug|x86
		{FF429767-681D-4B70-B4BB-C7E52BDB0112}.Release|Any CPU.ActiveCfg = Release|Any CPU
		{FF429767-681D-4B70-B4BB-C7E52BDB0112}.Release|Any CPU.Build.0 = Release|Any CPU
		{FF429767-681D-4B70-B4BB-C7E52BDB0112}.Release|x64.ActiveCfg = Release|Any CPU
		{FF429767-681D-4B70-B4BB-C7E52BDB0112}.Release|x64.Build.0 = Release|Any CPU
		{FF429767-681D-4B70-B4BB-C7E52BDB0112}.Release|x86.ActiveCfg = Release|x86
		{FF429767-681D-4B70-B4BB-C7E52BDB0112}.Release|x86.Build.0 = Release|x86
		{E9575AD9-BED7-4AAD-8D67-26CDD8961496}.Debug(x64)|Any CPU.ActiveCfg = Debug|Any CPU
		{E9575AD9-BED7-4AAD-8D67-26CDD8961496}.Debug(x64)|Any CPU.Build.0 = Debug|Any CPU
		{E9575AD9-BED7-4AAD-8D67-26CDD8961496}.Debug(x64)|x64.ActiveCfg = Debug|Any CPU
		{E9575AD9-BED7-4AAD-8D67-26CDD8961496}.Debug(x64)|x64.Build.0 = Debug|Any CPU
		{E9575AD9-BED7-4AAD-8D67-26CDD8961496}.Debug(x64)|x86.ActiveCfg = Debug|Any CPU
		{E9575AD9-BED7-4AAD-8D67-26CDD8961496}.Debug(x64)|x86.Build.0 = Debug|Any CPU
		{E9575AD9-BED7-4AAD-8D67-26CDD8961496}.Debug|Any CPU.ActiveCfg = Debug|Any CPU
		{E9575AD9-BED7-4AAD-8D67-26CDD8961496}.Debug|Any CPU.Build.0 = Debug|Any CPU
		{E9575AD9-BED7-4AAD-8D67-26CDD8961496}.Debug|x64.ActiveCfg = Debug|Any CPU
		{E9575AD9-BED7-4AAD-8D67-26CDD8961496}.Debug|x64.Build.0 = Debug|Any CPU
		{E9575AD9-BED7-4AAD-8D67-26CDD8961496}.Debug|x86.ActiveCfg = Debug|Any CPU
		{E9575AD9-BED7-4AAD-8D67-26CDD8961496}.Debug|x86.Build.0 = Debug|Any CPU
		{E9575AD9-BED7-4AAD-8D67-26CDD8961496}.Release|Any CPU.ActiveCfg = Release|Any CPU
		{E9575AD9-BED7-4AAD-8D67-26CDD8961496}.Release|Any CPU.Build.0 = Release|Any CPU
		{E9575AD9-BED7-4AAD-8D67-26CDD8961496}.Release|x64.ActiveCfg = Release|Any CPU
		{E9575AD9-BED7-4AAD-8D67-26CDD8961496}.Release|x64.Build.0 = Release|Any CPU
		{E9575AD9-BED7-4AAD-8D67-26CDD8961496}.Release|x86.ActiveCfg = Release|Any CPU
		{E9575AD9-BED7-4AAD-8D67-26CDD8961496}.Release|x86.Build.0 = Release|Any CPU
		{87427E1A-5914-4FD1-A0D0-C749DDEBB069}.Debug(x64)|Any CPU.ActiveCfg = Debug|Any CPU
		{87427E1A-5914-4FD1-A0D0-C749DDEBB069}.Debug(x64)|Any CPU.Build.0 = Debug|Any CPU
		{87427E1A-5914-4FD1-A0D0-C749DDEBB069}.Debug(x64)|x64.ActiveCfg = Debug|Any CPU
		{87427E1A-5914-4FD1-A0D0-C749DDEBB069}.Debug(x64)|x64.Build.0 = Debug|Any CPU
		{87427E1A-5914-4FD1-A0D0-C749DDEBB069}.Debug(x64)|x86.ActiveCfg = Debug|Any CPU
		{87427E1A-5914-4FD1-A0D0-C749DDEBB069}.Debug(x64)|x86.Build.0 = Debug|Any CPU
		{87427E1A-5914-4FD1-A0D0-C749DDEBB069}.Debug|Any CPU.ActiveCfg = Debug|Any CPU
		{87427E1A-5914-4FD1-A0D0-C749DDEBB069}.Debug|Any CPU.Build.0 = Debug|Any CPU
		{87427E1A-5914-4FD1-A0D0-C749DDEBB069}.Debug|x64.ActiveCfg = Debug|Any CPU
		{87427E1A-5914-4FD1-A0D0-C749DDEBB069}.Debug|x64.Build.0 = Debug|Any CPU
		{87427E1A-5914-4FD1-A0D0-C749DDEBB069}.Debug|x86.ActiveCfg = Debug|Any CPU
		{87427E1A-5914-4FD1-A0D0-C749DDEBB069}.Debug|x86.Build.0 = Debug|Any CPU
		{87427E1A-5914-4FD1-A0D0-C749DDEBB069}.Release|Any CPU.ActiveCfg = Release|Any CPU
		{87427E1A-5914-4FD1-A0D0-C749DDEBB069}.Release|Any CPU.Build.0 = Release|Any CPU
		{87427E1A-5914-4FD1-A0D0-C749DDEBB069}.Release|x64.ActiveCfg = Release|Any CPU
		{87427E1A-5914-4FD1-A0D0-C749DDEBB069}.Release|x64.Build.0 = Release|Any CPU
		{87427E1A-5914-4FD1-A0D0-C749DDEBB069}.Release|x86.ActiveCfg = Release|Any CPU
		{87427E1A-5914-4FD1-A0D0-C749DDEBB069}.Release|x86.Build.0 = Release|Any CPU
		{10B7D2D1-0868-4FDA-8473-A12B5BB9386F}.Debug(x64)|Any CPU.ActiveCfg = Debug|Any CPU
		{10B7D2D1-0868-4FDA-8473-A12B5BB9386F}.Debug(x64)|Any CPU.Build.0 = Debug|Any CPU
		{10B7D2D1-0868-4FDA-8473-A12B5BB9386F}.Debug(x64)|x64.ActiveCfg = Debug|Any CPU
		{10B7D2D1-0868-4FDA-8473-A12B5BB9386F}.Debug(x64)|x64.Build.0 = Debug|Any CPU
		{10B7D2D1-0868-4FDA-8473-A12B5BB9386F}.Debug(x64)|x86.ActiveCfg = Debug|Any CPU
		{10B7D2D1-0868-4FDA-8473-A12B5BB9386F}.Debug(x64)|x86.Build.0 = Debug|Any CPU
		{10B7D2D1-0868-4FDA-8473-A12B5BB9386F}.Debug|Any CPU.ActiveCfg = Debug|Any CPU
		{10B7D2D1-0868-4FDA-8473-A12B5BB9386F}.Debug|Any CPU.Build.0 = Debug|Any CPU
		{10B7D2D1-0868-4FDA-8473-A12B5BB9386F}.Debug|x64.ActiveCfg = Debug|Any CPU
		{10B7D2D1-0868-4FDA-8473-A12B5BB9386F}.Debug|x64.Build.0 = Debug|Any CPU
		{10B7D2D1-0868-4FDA-8473-A12B5BB9386F}.Debug|x86.ActiveCfg = Debug|Any CPU
		{10B7D2D1-0868-4FDA-8473-A12B5BB9386F}.Debug|x86.Build.0 = Debug|Any CPU
		{10B7D2D1-0868-4FDA-8473-A12B5BB9386F}.Release|Any CPU.ActiveCfg = Release|Any CPU
		{10B7D2D1-0868-4FDA-8473-A12B5BB9386F}.Release|Any CPU.Build.0 = Release|Any CPU
		{10B7D2D1-0868-4FDA-8473-A12B5BB9386F}.Release|x64.ActiveCfg = Release|Any CPU
		{10B7D2D1-0868-4FDA-8473-A12B5BB9386F}.Release|x64.Build.0 = Release|Any CPU
		{10B7D2D1-0868-4FDA-8473-A12B5BB9386F}.Release|x86.ActiveCfg = Release|Any CPU
		{10B7D2D1-0868-4FDA-8473-A12B5BB9386F}.Release|x86.Build.0 = Release|Any CPU
		{E3C41A76-0E7B-45CD-AFD9-09F419CCD894}.Debug(x64)|Any CPU.ActiveCfg = Debug|Any CPU
		{E3C41A76-0E7B-45CD-AFD9-09F419CCD894}.Debug(x64)|Any CPU.Build.0 = Debug|Any CPU
		{E3C41A76-0E7B-45CD-AFD9-09F419CCD894}.Debug(x64)|x64.ActiveCfg = Debug|Any CPU
		{E3C41A76-0E7B-45CD-AFD9-09F419CCD894}.Debug(x64)|x64.Build.0 = Debug|Any CPU
		{E3C41A76-0E7B-45CD-AFD9-09F419CCD894}.Debug(x64)|x86.ActiveCfg = Debug|Any CPU
		{E3C41A76-0E7B-45CD-AFD9-09F419CCD894}.Debug(x64)|x86.Build.0 = Debug|Any CPU
		{E3C41A76-0E7B-45CD-AFD9-09F419CCD894}.Debug|Any CPU.ActiveCfg = Debug|Any CPU
		{E3C41A76-0E7B-45CD-AFD9-09F419CCD894}.Debug|Any CPU.Build.0 = Debug|Any CPU
		{E3C41A76-0E7B-45CD-AFD9-09F419CCD894}.Debug|x64.ActiveCfg = Debug|Any CPU
		{E3C41A76-0E7B-45CD-AFD9-09F419CCD894}.Debug|x64.Build.0 = Debug|Any CPU
		{E3C41A76-0E7B-45CD-AFD9-09F419CCD894}.Debug|x86.ActiveCfg = Debug|Any CPU
		{E3C41A76-0E7B-45CD-AFD9-09F419CCD894}.Debug|x86.Build.0 = Debug|Any CPU
		{E3C41A76-0E7B-45CD-AFD9-09F419CCD894}.Release|Any CPU.ActiveCfg = Release|Any CPU
		{E3C41A76-0E7B-45CD-AFD9-09F419CCD894}.Release|Any CPU.Build.0 = Release|Any CPU
		{E3C41A76-0E7B-45CD-AFD9-09F419CCD894}.Release|x64.ActiveCfg = Release|Any CPU
		{E3C41A76-0E7B-45CD-AFD9-09F419CCD894}.Release|x64.Build.0 = Release|Any CPU
		{E3C41A76-0E7B-45CD-AFD9-09F419CCD894}.Release|x86.ActiveCfg = Release|Any CPU
		{E3C41A76-0E7B-45CD-AFD9-09F419CCD894}.Release|x86.Build.0 = Release|Any CPU
		{2411E49C-1E98-41CF-BB11-32E995046CD8}.Debug(x64)|Any CPU.ActiveCfg = Debug|Any CPU
		{2411E49C-1E98-41CF-BB11-32E995046CD8}.Debug(x64)|Any CPU.Build.0 = Debug|Any CPU
		{2411E49C-1E98-41CF-BB11-32E995046CD8}.Debug(x64)|x64.ActiveCfg = Debug|Any CPU
		{2411E49C-1E98-41CF-BB11-32E995046CD8}.Debug(x64)|x64.Build.0 = Debug|Any CPU
		{2411E49C-1E98-41CF-BB11-32E995046CD8}.Debug(x64)|x86.ActiveCfg = Debug|Any CPU
		{2411E49C-1E98-41CF-BB11-32E995046CD8}.Debug(x64)|x86.Build.0 = Debug|Any CPU
		{2411E49C-1E98-41CF-BB11-32E995046CD8}.Debug|Any CPU.ActiveCfg = Debug|Any CPU
		{2411E49C-1E98-41CF-BB11-32E995046CD8}.Debug|Any CPU.Build.0 = Debug|Any CPU
		{2411E49C-1E98-41CF-BB11-32E995046CD8}.Debug|x64.ActiveCfg = Debug|Any CPU
		{2411E49C-1E98-41CF-BB11-32E995046CD8}.Debug|x64.Build.0 = Debug|Any CPU
		{2411E49C-1E98-41CF-BB11-32E995046CD8}.Debug|x86.ActiveCfg = Debug|Any CPU
		{2411E49C-1E98-41CF-BB11-32E995046CD8}.Debug|x86.Build.0 = Debug|Any CPU
		{2411E49C-1E98-41CF-BB11-32E995046CD8}.Release|Any CPU.ActiveCfg = Release|Any CPU
		{2411E49C-1E98-41CF-BB11-32E995046CD8}.Release|Any CPU.Build.0 = Release|Any CPU
		{2411E49C-1E98-41CF-BB11-32E995046CD8}.Release|x64.ActiveCfg = Release|Any CPU
		{2411E49C-1E98-41CF-BB11-32E995046CD8}.Release|x64.Build.0 = Release|Any CPU
		{2411E49C-1E98-41CF-BB11-32E995046CD8}.Release|x86.ActiveCfg = Release|Any CPU
		{2411E49C-1E98-41CF-BB11-32E995046CD8}.Release|x86.Build.0 = Release|Any CPU
		{54E427E6-FF54-4671-BF5E-1E606453BF0C}.Debug(x64)|Any CPU.ActiveCfg = Debug|Any CPU
		{54E427E6-FF54-4671-BF5E-1E606453BF0C}.Debug(x64)|Any CPU.Build.0 = Debug|Any CPU
		{54E427E6-FF54-4671-BF5E-1E606453BF0C}.Debug(x64)|x64.ActiveCfg = Debug|Any CPU
		{54E427E6-FF54-4671-BF5E-1E606453BF0C}.Debug(x64)|x64.Build.0 = Debug|Any CPU
		{54E427E6-FF54-4671-BF5E-1E606453BF0C}.Debug(x64)|x86.ActiveCfg = Debug|Any CPU
		{54E427E6-FF54-4671-BF5E-1E606453BF0C}.Debug(x64)|x86.Build.0 = Debug|Any CPU
		{54E427E6-FF54-4671-BF5E-1E606453BF0C}.Debug|Any CPU.ActiveCfg = Debug|Any CPU
		{54E427E6-FF54-4671-BF5E-1E606453BF0C}.Debug|Any CPU.Build.0 = Debug|Any CPU
		{54E427E6-FF54-4671-BF5E-1E606453BF0C}.Debug|x64.ActiveCfg = Debug|Any CPU
		{54E427E6-FF54-4671-BF5E-1E606453BF0C}.Debug|x64.Build.0 = Debug|Any CPU
		{54E427E6-FF54-4671-BF5E-1E606453BF0C}.Debug|x86.ActiveCfg = Debug|Any CPU
		{54E427E6-FF54-4671-BF5E-1E606453BF0C}.Debug|x86.Build.0 = Debug|Any CPU
		{54E427E6-FF54-4671-BF5E-1E606453BF0C}.Release|Any CPU.ActiveCfg = Release|Any CPU
		{54E427E6-FF54-4671-BF5E-1E606453BF0C}.Release|Any CPU.Build.0 = Release|Any CPU
		{54E427E6-FF54-4671-BF5E-1E606453BF0C}.Release|x64.ActiveCfg = Release|Any CPU
		{54E427E6-FF54-4671-BF5E-1E606453BF0C}.Release|x64.Build.0 = Release|Any CPU
		{54E427E6-FF54-4671-BF5E-1E606453BF0C}.Release|x86.ActiveCfg = Release|Any CPU
		{54E427E6-FF54-4671-BF5E-1E606453BF0C}.Release|x86.Build.0 = Release|Any CPU
		{6B62C2F2-81BE-4F42-9810-29D7D612295F}.Debug(x64)|Any CPU.ActiveCfg = Debug|Any CPU
		{6B62C2F2-81BE-4F42-9810-29D7D612295F}.Debug(x64)|Any CPU.Build.0 = Debug|Any CPU
		{6B62C2F2-81BE-4F42-9810-29D7D612295F}.Debug(x64)|x64.ActiveCfg = Debug|Any CPU
		{6B62C2F2-81BE-4F42-9810-29D7D612295F}.Debug(x64)|x64.Build.0 = Debug|Any CPU
		{6B62C2F2-81BE-4F42-9810-29D7D612295F}.Debug(x64)|x86.ActiveCfg = Debug|Any CPU
		{6B62C2F2-81BE-4F42-9810-29D7D612295F}.Debug(x64)|x86.Build.0 = Debug|Any CPU
		{6B62C2F2-81BE-4F42-9810-29D7D612295F}.Debug|Any CPU.ActiveCfg = Debug|Any CPU
		{6B62C2F2-81BE-4F42-9810-29D7D612295F}.Debug|Any CPU.Build.0 = Debug|Any CPU
		{6B62C2F2-81BE-4F42-9810-29D7D612295F}.Debug|x64.ActiveCfg = Debug|Any CPU
		{6B62C2F2-81BE-4F42-9810-29D7D612295F}.Debug|x64.Build.0 = Debug|Any CPU
		{6B62C2F2-81BE-4F42-9810-29D7D612295F}.Debug|x86.ActiveCfg = Debug|Any CPU
		{6B62C2F2-81BE-4F42-9810-29D7D612295F}.Debug|x86.Build.0 = Debug|Any CPU
		{6B62C2F2-81BE-4F42-9810-29D7D612295F}.Release|Any CPU.ActiveCfg = Release|Any CPU
		{6B62C2F2-81BE-4F42-9810-29D7D612295F}.Release|Any CPU.Build.0 = Release|Any CPU
		{6B62C2F2-81BE-4F42-9810-29D7D612295F}.Release|x64.ActiveCfg = Release|Any CPU
		{6B62C2F2-81BE-4F42-9810-29D7D612295F}.Release|x64.Build.0 = Release|Any CPU
		{6B62C2F2-81BE-4F42-9810-29D7D612295F}.Release|x86.ActiveCfg = Release|Any CPU
		{6B62C2F2-81BE-4F42-9810-29D7D612295F}.Release|x86.Build.0 = Release|Any CPU
		{C28FB59D-797D-4A86-A590-072C1E0C626B}.Debug(x64)|Any CPU.ActiveCfg = Debug|Any CPU
		{C28FB59D-797D-4A86-A590-072C1E0C626B}.Debug(x64)|Any CPU.Build.0 = Debug|Any CPU
		{C28FB59D-797D-4A86-A590-072C1E0C626B}.Debug(x64)|x64.ActiveCfg = Debug|Any CPU
		{C28FB59D-797D-4A86-A590-072C1E0C626B}.Debug(x64)|x64.Build.0 = Debug|Any CPU
		{C28FB59D-797D-4A86-A590-072C1E0C626B}.Debug(x64)|x86.ActiveCfg = Debug|Any CPU
		{C28FB59D-797D-4A86-A590-072C1E0C626B}.Debug(x64)|x86.Build.0 = Debug|Any CPU
		{C28FB59D-797D-4A86-A590-072C1E0C626B}.Debug|Any CPU.ActiveCfg = Debug|Any CPU
		{C28FB59D-797D-4A86-A590-072C1E0C626B}.Debug|Any CPU.Build.0 = Debug|Any CPU
		{C28FB59D-797D-4A86-A590-072C1E0C626B}.Debug|x64.ActiveCfg = Debug|Any CPU
		{C28FB59D-797D-4A86-A590-072C1E0C626B}.Debug|x64.Build.0 = Debug|Any CPU
		{C28FB59D-797D-4A86-A590-072C1E0C626B}.Debug|x86.ActiveCfg = Debug|Any CPU
		{C28FB59D-797D-4A86-A590-072C1E0C626B}.Debug|x86.Build.0 = Debug|Any CPU
		{C28FB59D-797D-4A86-A590-072C1E0C626B}.Release|Any CPU.ActiveCfg = Release|Any CPU
		{C28FB59D-797D-4A86-A590-072C1E0C626B}.Release|Any CPU.Build.0 = Release|Any CPU
		{C28FB59D-797D-4A86-A590-072C1E0C626B}.Release|x64.ActiveCfg = Release|Any CPU
		{C28FB59D-797D-4A86-A590-072C1E0C626B}.Release|x64.Build.0 = Release|Any CPU
		{C28FB59D-797D-4A86-A590-072C1E0C626B}.Release|x86.ActiveCfg = Release|Any CPU
		{C28FB59D-797D-4A86-A590-072C1E0C626B}.Release|x86.Build.0 = Release|Any CPU
		{0DDE0333-D4EC-419D-AEBD-C8359083C02D}.Debug(x64)|Any CPU.ActiveCfg = Debug|Any CPU
		{0DDE0333-D4EC-419D-AEBD-C8359083C02D}.Debug(x64)|Any CPU.Build.0 = Debug|Any CPU
		{0DDE0333-D4EC-419D-AEBD-C8359083C02D}.Debug(x64)|x64.ActiveCfg = Debug|Any CPU
		{0DDE0333-D4EC-419D-AEBD-C8359083C02D}.Debug(x64)|x64.Build.0 = Debug|Any CPU
		{0DDE0333-D4EC-419D-AEBD-C8359083C02D}.Debug(x64)|x86.ActiveCfg = Debug|Any CPU
		{0DDE0333-D4EC-419D-AEBD-C8359083C02D}.Debug(x64)|x86.Build.0 = Debug|Any CPU
		{0DDE0333-D4EC-419D-AEBD-C8359083C02D}.Debug|Any CPU.ActiveCfg = Debug|Any CPU
		{0DDE0333-D4EC-419D-AEBD-C8359083C02D}.Debug|Any CPU.Build.0 = Debug|Any CPU
		{0DDE0333-D4EC-419D-AEBD-C8359083C02D}.Debug|x64.ActiveCfg = Debug|Any CPU
		{0DDE0333-D4EC-419D-AEBD-C8359083C02D}.Debug|x64.Build.0 = Debug|Any CPU
		{0DDE0333-D4EC-419D-AEBD-C8359083C02D}.Debug|x86.ActiveCfg = Debug|Any CPU
		{0DDE0333-D4EC-419D-AEBD-C8359083C02D}.Debug|x86.Build.0 = Debug|Any CPU
		{0DDE0333-D4EC-419D-AEBD-C8359083C02D}.Release|Any CPU.ActiveCfg = Release|Any CPU
		{0DDE0333-D4EC-419D-AEBD-C8359083C02D}.Release|Any CPU.Build.0 = Release|Any CPU
		{0DDE0333-D4EC-419D-AEBD-C8359083C02D}.Release|x64.ActiveCfg = Release|Any CPU
		{0DDE0333-D4EC-419D-AEBD-C8359083C02D}.Release|x64.Build.0 = Release|Any CPU
		{0DDE0333-D4EC-419D-AEBD-C8359083C02D}.Release|x86.ActiveCfg = Release|Any CPU
		{0DDE0333-D4EC-419D-AEBD-C8359083C02D}.Release|x86.Build.0 = Release|Any CPU
		{2BAEDE76-A6D1-42CF-BF28-C1D20229C8EF}.Debug(x64)|Any CPU.ActiveCfg = Debug|Any CPU
		{2BAEDE76-A6D1-42CF-BF28-C1D20229C8EF}.Debug(x64)|Any CPU.Build.0 = Debug|Any CPU
		{2BAEDE76-A6D1-42CF-BF28-C1D20229C8EF}.Debug(x64)|x64.ActiveCfg = Debug|Any CPU
		{2BAEDE76-A6D1-42CF-BF28-C1D20229C8EF}.Debug(x64)|x64.Build.0 = Debug|Any CPU
		{2BAEDE76-A6D1-42CF-BF28-C1D20229C8EF}.Debug(x64)|x86.ActiveCfg = Debug|Any CPU
		{2BAEDE76-A6D1-42CF-BF28-C1D20229C8EF}.Debug(x64)|x86.Build.0 = Debug|Any CPU
		{2BAEDE76-A6D1-42CF-BF28-C1D20229C8EF}.Debug|Any CPU.ActiveCfg = Debug|Any CPU
		{2BAEDE76-A6D1-42CF-BF28-C1D20229C8EF}.Debug|Any CPU.Build.0 = Debug|Any CPU
		{2BAEDE76-A6D1-42CF-BF28-C1D20229C8EF}.Debug|x64.ActiveCfg = Debug|Any CPU
		{2BAEDE76-A6D1-42CF-BF28-C1D20229C8EF}.Debug|x64.Build.0 = Debug|Any CPU
		{2BAEDE76-A6D1-42CF-BF28-C1D20229C8EF}.Debug|x86.ActiveCfg = Debug|Any CPU
		{2BAEDE76-A6D1-42CF-BF28-C1D20229C8EF}.Debug|x86.Build.0 = Debug|Any CPU
		{2BAEDE76-A6D1-42CF-BF28-C1D20229C8EF}.Release|Any CPU.ActiveCfg = Release|Any CPU
		{2BAEDE76-A6D1-42CF-BF28-C1D20229C8EF}.Release|Any CPU.Build.0 = Release|Any CPU
		{2BAEDE76-A6D1-42CF-BF28-C1D20229C8EF}.Release|x64.ActiveCfg = Release|Any CPU
		{2BAEDE76-A6D1-42CF-BF28-C1D20229C8EF}.Release|x64.Build.0 = Release|Any CPU
		{2BAEDE76-A6D1-42CF-BF28-C1D20229C8EF}.Release|x86.ActiveCfg = Release|Any CPU
		{2BAEDE76-A6D1-42CF-BF28-C1D20229C8EF}.Release|x86.Build.0 = Release|Any CPU
		{08F0DC54-0D47-48CA-8B91-AF728CF2C615}.Debug(x64)|Any CPU.ActiveCfg = Debug|x64
		{08F0DC54-0D47-48CA-8B91-AF728CF2C615}.Debug(x64)|Any CPU.Build.0 = Debug|x64
		{08F0DC54-0D47-48CA-8B91-AF728CF2C615}.Debug(x64)|x64.ActiveCfg = Debug|x64
		{08F0DC54-0D47-48CA-8B91-AF728CF2C615}.Debug(x64)|x64.Build.0 = Debug|x64
		{08F0DC54-0D47-48CA-8B91-AF728CF2C615}.Debug(x64)|x86.ActiveCfg = Debug|x86
		{08F0DC54-0D47-48CA-8B91-AF728CF2C615}.Debug(x64)|x86.Build.0 = Debug|x86
		{08F0DC54-0D47-48CA-8B91-AF728CF2C615}.Debug|Any CPU.ActiveCfg = Debug|x64
		{08F0DC54-0D47-48CA-8B91-AF728CF2C615}.Debug|Any CPU.Build.0 = Debug|x64
		{08F0DC54-0D47-48CA-8B91-AF728CF2C615}.Debug|x64.ActiveCfg = Debug|x64
		{08F0DC54-0D47-48CA-8B91-AF728CF2C615}.Debug|x64.Build.0 = Debug|x64
		{08F0DC54-0D47-48CA-8B91-AF728CF2C615}.Debug|x86.ActiveCfg = Debug|x86
		{08F0DC54-0D47-48CA-8B91-AF728CF2C615}.Debug|x86.Build.0 = Debug|x86
		{08F0DC54-0D47-48CA-8B91-AF728CF2C615}.Release|Any CPU.ActiveCfg = Release|x64
		{08F0DC54-0D47-48CA-8B91-AF728CF2C615}.Release|Any CPU.Build.0 = Release|x64
		{08F0DC54-0D47-48CA-8B91-AF728CF2C615}.Release|x64.ActiveCfg = Release|x64
		{08F0DC54-0D47-48CA-8B91-AF728CF2C615}.Release|x64.Build.0 = Release|x64
		{08F0DC54-0D47-48CA-8B91-AF728CF2C615}.Release|x86.ActiveCfg = Release|x86
		{08F0DC54-0D47-48CA-8B91-AF728CF2C615}.Release|x86.Build.0 = Release|x86
		{94394A2A-CC5F-4CAF-AE10-371D269F8E0A}.Debug(x64)|Any CPU.ActiveCfg = Debug|Any CPU
		{94394A2A-CC5F-4CAF-AE10-371D269F8E0A}.Debug(x64)|Any CPU.Build.0 = Debug|Any CPU
		{94394A2A-CC5F-4CAF-AE10-371D269F8E0A}.Debug(x64)|x64.ActiveCfg = Debug|Any CPU
		{94394A2A-CC5F-4CAF-AE10-371D269F8E0A}.Debug(x64)|x64.Build.0 = Debug|Any CPU
		{94394A2A-CC5F-4CAF-AE10-371D269F8E0A}.Debug(x64)|x86.ActiveCfg = Debug|Any CPU
		{94394A2A-CC5F-4CAF-AE10-371D269F8E0A}.Debug(x64)|x86.Build.0 = Debug|Any CPU
		{94394A2A-CC5F-4CAF-AE10-371D269F8E0A}.Debug|Any CPU.ActiveCfg = Debug|Any CPU
		{94394A2A-CC5F-4CAF-AE10-371D269F8E0A}.Debug|Any CPU.Build.0 = Debug|Any CPU
		{94394A2A-CC5F-4CAF-AE10-371D269F8E0A}.Debug|x64.ActiveCfg = Debug|Any CPU
		{94394A2A-CC5F-4CAF-AE10-371D269F8E0A}.Debug|x64.Build.0 = Debug|Any CPU
		{94394A2A-CC5F-4CAF-AE10-371D269F8E0A}.Debug|x86.ActiveCfg = Debug|Any CPU
		{94394A2A-CC5F-4CAF-AE10-371D269F8E0A}.Debug|x86.Build.0 = Debug|Any CPU
		{94394A2A-CC5F-4CAF-AE10-371D269F8E0A}.Release|Any CPU.ActiveCfg = Release|Any CPU
		{94394A2A-CC5F-4CAF-AE10-371D269F8E0A}.Release|Any CPU.Build.0 = Release|Any CPU
		{94394A2A-CC5F-4CAF-AE10-371D269F8E0A}.Release|x64.ActiveCfg = Release|Any CPU
		{94394A2A-CC5F-4CAF-AE10-371D269F8E0A}.Release|x64.Build.0 = Release|Any CPU
		{94394A2A-CC5F-4CAF-AE10-371D269F8E0A}.Release|x86.ActiveCfg = Release|Any CPU
		{94394A2A-CC5F-4CAF-AE10-371D269F8E0A}.Release|x86.Build.0 = Release|Any CPU
		{AAFB02C6-D8CD-4FE1-AFBF-D09D8A256DF4}.Debug(x64)|Any CPU.ActiveCfg = Debug(x64)|Any CPU
		{AAFB02C6-D8CD-4FE1-AFBF-D09D8A256DF4}.Debug(x64)|Any CPU.Build.0 = Debug(x64)|Any CPU
		{AAFB02C6-D8CD-4FE1-AFBF-D09D8A256DF4}.Debug(x64)|x64.ActiveCfg = Debug(x64)|Any CPU
		{AAFB02C6-D8CD-4FE1-AFBF-D09D8A256DF4}.Debug(x64)|x64.Build.0 = Debug(x64)|Any CPU
		{AAFB02C6-D8CD-4FE1-AFBF-D09D8A256DF4}.Debug(x64)|x86.ActiveCfg = Debug(x64)|Any CPU
		{AAFB02C6-D8CD-4FE1-AFBF-D09D8A256DF4}.Debug(x64)|x86.Build.0 = Debug(x64)|Any CPU
		{AAFB02C6-D8CD-4FE1-AFBF-D09D8A256DF4}.Debug|Any CPU.ActiveCfg = Debug|Any CPU
		{AAFB02C6-D8CD-4FE1-AFBF-D09D8A256DF4}.Debug|Any CPU.Build.0 = Debug|Any CPU
		{AAFB02C6-D8CD-4FE1-AFBF-D09D8A256DF4}.Debug|x64.ActiveCfg = Debug|Any CPU
		{AAFB02C6-D8CD-4FE1-AFBF-D09D8A256DF4}.Debug|x64.Build.0 = Debug|Any CPU
		{AAFB02C6-D8CD-4FE1-AFBF-D09D8A256DF4}.Debug|x86.ActiveCfg = Debug|Any CPU
		{AAFB02C6-D8CD-4FE1-AFBF-D09D8A256DF4}.Debug|x86.Build.0 = Debug|Any CPU
		{AAFB02C6-D8CD-4FE1-AFBF-D09D8A256DF4}.Release|Any CPU.ActiveCfg = Release|Any CPU
		{AAFB02C6-D8CD-4FE1-AFBF-D09D8A256DF4}.Release|Any CPU.Build.0 = Release|Any CPU
		{AAFB02C6-D8CD-4FE1-AFBF-D09D8A256DF4}.Release|x64.ActiveCfg = Release|Any CPU
		{AAFB02C6-D8CD-4FE1-AFBF-D09D8A256DF4}.Release|x64.Build.0 = Release|Any CPU
		{AAFB02C6-D8CD-4FE1-AFBF-D09D8A256DF4}.Release|x86.ActiveCfg = Release|Any CPU
		{AAFB02C6-D8CD-4FE1-AFBF-D09D8A256DF4}.Release|x86.Build.0 = Release|Any CPU
		{F7905A52-3A40-4894-A5BE-12F91B63DA72}.Debug(x64)|Any CPU.ActiveCfg = Debug(x64)|Any CPU
		{F7905A52-3A40-4894-A5BE-12F91B63DA72}.Debug(x64)|Any CPU.Build.0 = Debug(x64)|Any CPU
		{F7905A52-3A40-4894-A5BE-12F91B63DA72}.Debug(x64)|x64.ActiveCfg = Debug(x64)|Any CPU
		{F7905A52-3A40-4894-A5BE-12F91B63DA72}.Debug(x64)|x64.Build.0 = Debug(x64)|Any CPU
		{F7905A52-3A40-4894-A5BE-12F91B63DA72}.Debug(x64)|x86.ActiveCfg = Debug(x64)|Any CPU
		{F7905A52-3A40-4894-A5BE-12F91B63DA72}.Debug(x64)|x86.Build.0 = Debug(x64)|Any CPU
		{F7905A52-3A40-4894-A5BE-12F91B63DA72}.Debug|Any CPU.ActiveCfg = Debug|Any CPU
		{F7905A52-3A40-4894-A5BE-12F91B63DA72}.Debug|Any CPU.Build.0 = Debug|Any CPU
		{F7905A52-3A40-4894-A5BE-12F91B63DA72}.Debug|x64.ActiveCfg = Debug|Any CPU
		{F7905A52-3A40-4894-A5BE-12F91B63DA72}.Debug|x64.Build.0 = Debug|Any CPU
		{F7905A52-3A40-4894-A5BE-12F91B63DA72}.Debug|x86.ActiveCfg = Debug|Any CPU
		{F7905A52-3A40-4894-A5BE-12F91B63DA72}.Debug|x86.Build.0 = Debug|Any CPU
		{F7905A52-3A40-4894-A5BE-12F91B63DA72}.Release|Any CPU.ActiveCfg = Release|Any CPU
		{F7905A52-3A40-4894-A5BE-12F91B63DA72}.Release|Any CPU.Build.0 = Release|Any CPU
		{F7905A52-3A40-4894-A5BE-12F91B63DA72}.Release|x64.ActiveCfg = Release|Any CPU
		{F7905A52-3A40-4894-A5BE-12F91B63DA72}.Release|x64.Build.0 = Release|Any CPU
		{F7905A52-3A40-4894-A5BE-12F91B63DA72}.Release|x86.ActiveCfg = Release|Any CPU
		{F7905A52-3A40-4894-A5BE-12F91B63DA72}.Release|x86.Build.0 = Release|Any CPU
	EndGlobalSection
	GlobalSection(SolutionProperties) = preSolution
		HideSolutionNode = FALSE
	EndGlobalSection
	GlobalSection(NestedProjects) = preSolution
		{1F894182-6563-4FFA-958D-B842CB449B21} = {BFC9C5B4-DB78-449D-AE8C-5CC88D97549A}
		{E3C41A76-0E7B-45CD-AFD9-09F419CCD894} = {BFC9C5B4-DB78-449D-AE8C-5CC88D97549A}
		{2411E49C-1E98-41CF-BB11-32E995046CD8} = {BFC9C5B4-DB78-449D-AE8C-5CC88D97549A}
		{54E427E6-FF54-4671-BF5E-1E606453BF0C} = {BFC9C5B4-DB78-449D-AE8C-5CC88D97549A}
		{6B62C2F2-81BE-4F42-9810-29D7D612295F} = {BFC9C5B4-DB78-449D-AE8C-5CC88D97549A}
		{C28FB59D-797D-4A86-A590-072C1E0C626B} = {BFC9C5B4-DB78-449D-AE8C-5CC88D97549A}
		{0DDE0333-D4EC-419D-AEBD-C8359083C02D} = {BFC9C5B4-DB78-449D-AE8C-5CC88D97549A}
		{2BAEDE76-A6D1-42CF-BF28-C1D20229C8EF} = {BFC9C5B4-DB78-449D-AE8C-5CC88D97549A}
		{08F0DC54-0D47-48CA-8B91-AF728CF2C615} = {BFC9C5B4-DB78-449D-AE8C-5CC88D97549A}
		{94394A2A-CC5F-4CAF-AE10-371D269F8E0A} = {BFC9C5B4-DB78-449D-AE8C-5CC88D97549A}
		{AAFB02C6-D8CD-4FE1-AFBF-D09D8A256DF4} = {2DAFD630-BA6F-4E70-B870-13DB9DE5EF1A}
		{F7905A52-3A40-4894-A5BE-12F91B63DA72} = {2DAFD630-BA6F-4E70-B870-13DB9DE5EF1A}
	EndGlobalSection
	GlobalSection(ExtensibilityGlobals) = postSolution
		BuildVersion_UpdateAssemblyVersion = True
		BuildVersion_BuildVersioningStyle = None.None.Increment.TimeStamp
		BuildVersion_StartDate = 2010/11/23
		BuildVersion_AssemblyInfoFilename = Assembly.info
		BuildVersion_UpdateFileVersion = True
		BuildVersion_ConfigurationName = Debug
		BuildVersion_UseGlobalSettings = True
		SolutionGuid = {9701C6F5-0D36-44C1-97B0-8C2BC96AD3D3}
	EndGlobalSection
EndGlobal
